{
  "name": "scan-fixture-app",
  "version": "0.0.0",
  "lockfileVersion": 3,
  "requires": true,
  "packages": {
    "": {
      "name": "scan-fixture-app",
      "version": "0.0.0",
      "devDependencies": {
        "eslint": "^9.39.5",
        "eslint-plugin-fixture-lazy-import": "^1.0.0"
      }
    },
    "node_modules/eslint": {
      "version": "9.39.5",
      "dev": true
    },
    "node_modules/eslint-plugin-fixture-lazy-import": {
      "version": "1.0.0",
      "dev": true
    },
    "node_modules/eslint-plugin-fixture-lockfile-only": {
      "version": "4.5.6",
      "dev": true
    }
  }
}
